
Microsoft Visual Studio Solution File, Format Version 12.00
# Visual Studio Version 17
VisualStudioVersion = 17.5.33502.453
MinimumVisualStudioVersion = 10.0.40219.1
Project("{FAE04EC0-301F-11D3-BF4B-00C04F79EFBC}") = "Task_5", "Task_5\Task_5.csproj", "{34132C34-9673-40D7-9D66-7F593D578EFF}"
EndProject
Project("{FAE04EC0-301F-11D3-BF4B-00C04F79EFBC}") = "Task_2", "Task_2\Task_2.csproj", "{A74EA777-D03B-4570-B85D-13D1FA7EC740}"
EndProject
Project("{FAE04EC0-301F-11D3-BF4B-00C04F79EFBC}") = "Task_3", "Task_3\Task_3.csproj", "{871AC3D2-FF53-4A79-ABF0-348A1228BAEE}"
EndProject
Global
	GlobalSection(SolutionConfigurationPlatforms) = preSolution
		Debug|Any CPU = Debug|Any CPU
		Release|Any CPU = Release|Any CPU
	EndGlobalSection
	GlobalSection(ProjectConfigurationPlatforms) = postSolution
		{34132C34-9673-40D7-9D66-7F593D578EFF}.Debug|Any CPU.ActiveCfg = Debug|Any CPU
		{34132C34-9673-40D7-9D66-7F593D578EFF}.Debug|Any CPU.Build.0 = Debug|Any CPU
		{34132C34-9673-40D7-9D66-7F593D578EFF}.Release|Any CPU.ActiveCfg = Release|Any CPU
		{34132C34-9673-40D7-9D66-7F593D578EFF}.Release|Any CPU.Build.0 = Release|Any CPU
		{A74EA777-D03B-4570-B85D-13D1FA7EC740}.Debug|Any CPU.ActiveCfg = Debug|Any CPU
		{A74EA777-D03B-4570-B85D-13D1FA7EC740}.Debug|Any CPU.Build.0 = Debug|Any CPU
		{A74EA777-D03B-4570-B85D-13D1FA7EC740}.Release|Any CPU.ActiveCfg = Release|Any CPU
		{A74EA777-D03B-4570-B85D-13D1FA7EC740}.Release|Any CPU.Build.0 = Release|Any CPU
		{871AC3D2-FF53-4A79-ABF0-348A1228BAEE}.Debug|Any CPU.ActiveCfg = Debug|Any CPU
		{871AC3D2-FF53-4A79-ABF0-348A1228BAEE}.Debug|Any CPU.Build.0 = Debug|Any CPU
		{871AC3D2-FF53-4A79-ABF0-348A1228BAEE}.Release|Any CPU.ActiveCfg = Release|Any CPU
		{871AC3D2-FF53-4A79-ABF0-348A1228BAEE}.Release|Any CPU.Build.0 = Release|Any CPU
	EndGlobalSection
	GlobalSection(SolutionProperties) = preSolution
		HideSolutionNode = FALSE
	EndGlobalSection
	GlobalSection(ExtensibilityGlobals) = postSolution
		SolutionGuid = {E35C62AC-8AF0-4D01-B2F4-F101B078F585}
	EndGlobalSection
EndGlobal
